# Exact direct development-tool inputs for the recorded Linux verification.
# This is not a cross-platform/hermetic resolver lock: it has no transitive
# graph or hashes. Build isolation is constrained separately.
pip==25.3
build==1.3.0
cmake==4.1.2
mypy==1.18.2
ninja==1.13.0
pybind11==3.0.4
pytest==8.4.2
scikit-build-core==1.0.3
